
Microsoft Visual Studio Solution File, Format Version 10.00
# Visual Studio 2008
Project("{F184B08F-C81C-45F6-A57F-5ABD9991F28F}") = "Simple Suduko Solver", "Simple Suduko Solver\Simple Suduko Solver.vbproj", "{E1EAD0DA-A94B-42FE-B6F3-90A095404F6F}"
EndProject
Global
	GlobalSection(SolutionConfigurationPlatforms) = preSolution
		Debug|Any CPU = Debug|Any CPU
		Release|Any CPU = Release|Any CPU
	EndGlobalSection
	GlobalSection(ProjectConfigurationPlatforms) = postSolution
		{E1EAD0DA-A94B-42FE-B6F3-90A095404F6F}.Debug|Any CPU.ActiveCfg = Debug|Any CPU
		{E1EAD0DA-A94B-42FE-B6F3-90A095404F6F}.Debug|Any CPU.Build.0 = Debug|Any CPU
		{E1EAD0DA-A94B-42FE-B6F3-90A095404F6F}.Release|Any CPU.ActiveCfg = Release|Any CPU
		{E1EAD0DA-A94B-42FE-B6F3-90A095404F6F}.Release|Any CPU.Build.0 = Release|Any CPU
	EndGlobalSection
	GlobalSection(SolutionProperties) = preSolution
		HideSolutionNode = FALSE
	EndGlobalSection
EndGlobal
